
Microsoft Visual Studio Solution File, Format Version 12.00
# Visual Studio Version 17
VisualStudioVersion = 17.6.33829.357
MinimumVisualStudioVersion = 10.0.40219.1
Project("{9A19103F-16F7-4668-BE54-9A1E7A4F7556}") = "Taller2", "Taller2\Taller2.csproj", "{AF314D36-5574-4B3B-966C-F725B7908151}"
EndProject
Project("{2150E333-8FDC-42A3-9474-1A3956D46DE8}") = "Solution Items", "Solution Items", "{10CA8E40-CFBD-46A5-8839-F7787638D287}"
	ProjectSection(SolutionItems) = preProject
		.editorconfig = .editorconfig
	EndProjectSection
EndProject
Project("{2150E333-8FDC-42A3-9474-1A3956D46DE8}") = "Elementos de la solución", "Elementos de la solución", "{4FCE64A4-7077-4CFF-90CF-981137552CEE}"
EndProject
Global
	GlobalSection(SolutionConfigurationPlatforms) = preSolution
		Debug|Any CPU = Debug|Any CPU
		Release|Any CPU = Release|Any CPU
	EndGlobalSection
	GlobalSection(ProjectConfigurationPlatforms) = postSolution
		{AF314D36-5574-4B3B-966C-F725B7908151}.Debug|Any CPU.ActiveCfg = Debug|Any CPU
		{AF314D36-5574-4B3B-966C-F725B7908151}.Debug|Any CPU.Build.0 = Debug|Any CPU
		{AF314D36-5574-4B3B-966C-F725B7908151}.Release|Any CPU.ActiveCfg = Release|Any CPU
		{AF314D36-5574-4B3B-966C-F725B7908151}.Release|Any CPU.Build.0 = Release|Any CPU
	EndGlobalSection
	GlobalSection(SolutionProperties) = preSolution
		HideSolutionNode = FALSE
	EndGlobalSection
	GlobalSection(ExtensibilityGlobals) = postSolution
		SolutionGuid = {5029D86B-F725-4C3D-85A5-A7A671D49C85}
	EndGlobalSection
EndGlobal
